
Microsoft Visual Studio Solution File, Format Version 12.00
# Visual Studio Version 16
VisualStudioVersion = 16.0.31205.134
MinimumVisualStudioVersion = 10.0.40219.1
Project("{9A19103F-16F7-4668-BE54-9A1E7A4F7556}") = "API", "API\API.csproj", "{D806A9E3-F804-4EB8-8969-3D19FEDB8EE7}"
EndProject
Project("{9A19103F-16F7-4668-BE54-9A1E7A4F7556}") = "BLL", "BLL\BLL.csproj", "{6BAAFB93-BA8A-4F13-818A-BD245A8F304D}"
EndProject
Project("{9A19103F-16F7-4668-BE54-9A1E7A4F7556}") = "DAL", "DAL\DAL.csproj", "{27E038E9-4D9E-4222-B2D3-AF196CBCF4B0}"
EndProject
Project("{9A19103F-16F7-4668-BE54-9A1E7A4F7556}") = "BO", "..\BO\BO.csproj", "{E9E58D02-8973-473B-8BA1-63256EEFE82D}"
EndProject
Project("{FAE04EC0-301F-11D3-BF4B-00C04F79EFBC}") = "DocFx", "DocFx\DocFx.csproj", "{C038AADB-6693-469E-9B25-B810F6E70772}"
EndProject
Project("{9A19103F-16F7-4668-BE54-9A1E7A4F7556}") = "UnitTest", "UnitTest\UnitTest.csproj", "{DBFB3C13-571A-4D89-A494-6F09C5DA950E}"
EndProject
Project("{FAE04EC0-301F-11D3-BF4B-00C04F79EFBC}") = "IntegrationTest", "IntegrationTest\IntegrationTest.csproj", "{BD0818D2-EBBF-4141-8978-FF1D0B45ECC8}"
EndProject
Global
	GlobalSection(SolutionConfigurationPlatforms) = preSolution
		Debug|Any CPU = Debug|Any CPU
		Release|Any CPU = Release|Any CPU
	EndGlobalSection
	GlobalSection(ProjectConfigurationPlatforms) = postSolution
		{D806A9E3-F804-4EB8-8969-3D19FEDB8EE7}.Debug|Any CPU.ActiveCfg = Debug|Any CPU
		{D806A9E3-F804-4EB8-8969-3D19FEDB8EE7}.Debug|Any CPU.Build.0 = Debug|Any CPU
		{D806A9E3-F804-4EB8-8969-3D19FEDB8EE7}.Release|Any CPU.ActiveCfg = Release|Any CPU
		{D806A9E3-F804-4EB8-8969-3D19FEDB8EE7}.Release|Any CPU.Build.0 = Release|Any CPU
		{6BAAFB93-BA8A-4F13-818A-BD245A8F304D}.Debug|Any CPU.ActiveCfg = Debug|Any CPU
		{6BAAFB93-BA8A-4F13-818A-BD245A8F304D}.Debug|Any CPU.Build.0 = Debug|Any CPU
		{6BAAFB93-BA8A-4F13-818A-BD245A8F304D}.Release|Any CPU.ActiveCfg = Release|Any CPU
		{6BAAFB93-BA8A-4F13-818A-BD245A8F304D}.Release|Any CPU.Build.0 = Release|Any CPU
		{27E038E9-4D9E-4222-B2D3-AF196CBCF4B0}.Debug|Any CPU.ActiveCfg = Debug|Any CPU
		{27E038E9-4D9E-4222-B2D3-AF196CBCF4B0}.Debug|Any CPU.Build.0 = Debug|Any CPU
		{27E038E9-4D9E-4222-B2D3-AF196CBCF4B0}.Release|Any CPU.ActiveCfg = Release|Any CPU
		{27E038E9-4D9E-4222-B2D3-AF196CBCF4B0}.Release|Any CPU.Build.0 = Release|Any CPU
		{E9E58D02-8973-473B-8BA1-63256EEFE82D}.Debug|Any CPU.ActiveCfg = Debug|Any CPU
		{E9E58D02-8973-473B-8BA1-63256EEFE82D}.Debug|Any CPU.Build.0 = Debug|Any CPU
		{E9E58D02-8973-473B-8BA1-63256EEFE82D}.Release|Any CPU.ActiveCfg = Release|Any CPU
		{E9E58D02-8973-473B-8BA1-63256EEFE82D}.Release|Any CPU.Build.0 = Release|Any CPU
		{C038AADB-6693-469E-9B25-B810F6E70772}.Debug|Any CPU.ActiveCfg = Debug|Any CPU
		{C038AADB-6693-469E-9B25-B810F6E70772}.Debug|Any CPU.Build.0 = Debug|Any CPU
		{C038AADB-6693-469E-9B25-B810F6E70772}.Release|Any CPU.ActiveCfg = Release|Any CPU
		{C038AADB-6693-469E-9B25-B810F6E70772}.Release|Any CPU.Build.0 = Release|Any CPU
		{DBFB3C13-571A-4D89-A494-6F09C5DA950E}.Debug|Any CPU.ActiveCfg = Debug|Any CPU
		{DBFB3C13-571A-4D89-A494-6F09C5DA950E}.Debug|Any CPU.Build.0 = Debug|Any CPU
		{DBFB3C13-571A-4D89-A494-6F09C5DA950E}.Release|Any CPU.ActiveCfg = Release|Any CPU
		{DBFB3C13-571A-4D89-A494-6F09C5DA950E}.Release|Any CPU.Build.0 = Release|Any CPU
		{BD0818D2-EBBF-4141-8978-FF1D0B45ECC8}.Debug|Any CPU.ActiveCfg = Debug|Any CPU
		{BD0818D2-EBBF-4141-8978-FF1D0B45ECC8}.Debug|Any CPU.Build.0 = Debug|Any CPU
		{BD0818D2-EBBF-4141-8978-FF1D0B45ECC8}.Release|Any CPU.ActiveCfg = Release|Any CPU
		{BD0818D2-EBBF-4141-8978-FF1D0B45ECC8}.Release|Any CPU.Build.0 = Release|Any CPU
	EndGlobalSection
	GlobalSection(SolutionProperties) = preSolution
		HideSolutionNode = FALSE
	EndGlobalSection
	GlobalSection(ExtensibilityGlobals) = postSolution
		SolutionGuid = {37510433-5989-4503-A165-B8818472FB47}
	EndGlobalSection
EndGlobal
